// !$*UTF8*$!
{
	archiveVersion = 1;
	classes = {
	};
	objectVersion = 55;
	objects = {

/* Begin PBXBuildFile section */
		6B13FDB728A9A2AD007CFC6E /* ImageView.swift in Sources */ = {isa = PBXBuildFile; fileRef = 6B13FDB628A9A2AD007CFC6E /* ImageView.swift */; };
		6B55F49328A7D405002BCE81 /* BonprixAppApp.swift in Sources */ = {isa = PBXBuildFile; fileRef = 6B55F49228A7D405002BCE81 /* BonprixAppApp.swift */; };
		6B55F49528A7D405002BCE81 /* ContentView.swift in Sources */ = {isa = PBXBuildFile; fileRef = 6B55F49428A7D405002BCE81 /* ContentView.swift */; };
		6B55F49728A7D406002BCE81 /* Assets.xcassets in Resources */ = {isa = PBXBuildFile; fileRef = 6B55F49628A7D406002BCE81 /* Assets.xcassets */; };
		6B55F49A28A7D406002BCE81 /* Preview Assets.xcassets in Resources */ = {isa = PBXBuildFile; fileRef = 6B55F49928A7D406002BCE81 /* Preview Assets.xcassets */; };
		6B55F4A428A7D407002BCE81 /* BonprixAppTests.swift in Sources */ = {isa = PBXBuildFile; fileRef = 6B55F4A328A7D407002BCE81 /* BonprixAppTests.swift */; };
		6B55F4AE28A7D407002BCE81 /* BonprixAppUITests.swift in Sources */ = {isa = PBXBuildFile; fileRef = 6B55F4AD28A7D407002BCE81 /* BonprixAppUITests.swift */; };
		6B55F4B028A7D407002BCE81 /* BonprixAppUITestsLaunchTests.swift in Sources */ = {isa = PBXBuildFile; fileRef = 6B55F4AF28A7D407002BCE81 /* BonprixAppUITestsLaunchTests.swift */; };
		6B55F4C328A7D727002BCE81 /* ContenViewModel.swift in Sources */ = {isa = PBXBuildFile; fileRef = 6B55F4C228A7D727002BCE81 /* ContenViewModel.swift */; };
		6B55F4C528A7D7A6002BCE81 /* APIHandler.swift in Sources */ = {isa = PBXBuildFile; fileRef = 6B55F4C428A7D7A6002BCE81 /* APIHandler.swift */; };
		6B55F4C728A7DE85002BCE81 /* APIRequest.swift in Sources */ = {isa = PBXBuildFile; fileRef = 6B55F4C628A7DE85002BCE81 /* APIRequest.swift */; };
		6B55F4C928A7DF2F002BCE81 /* WelcomeModel.swift in Sources */ = {isa = PBXBuildFile; fileRef = 6B55F4C828A7DF2F002BCE81 /* WelcomeModel.swift */; };
		6B55F4CB28A7EBC5002BCE81 /* LeafView.swift in Sources */ = {isa = PBXBuildFile; fileRef = 6B55F4CA28A7EBC5002BCE81 /* LeafView.swift */; };
		6B55F4D128A7F02E002BCE81 /* WebViewModel.swift in Sources */ = {isa = PBXBuildFile; fileRef = 6B55F4D028A7F02E002BCE81 /* WebViewModel.swift */; };
		6B55F4D728A92558002BCE81 /* CategoryView.swift in Sources */ = {isa = PBXBuildFile; fileRef = 6B55F4D628A92558002BCE81 /* CategoryView.swift */; };
		6B55F4DC28A93FA9002BCE81 /* LoadingView.swift in Sources */ = {isa = PBXBuildFile; fileRef = 6B55F4DB28A93FA9002BCE81 /* LoadingView.swift */; };
		6B55F4DE28A95256002BCE81 /* WebView.swift in Sources */ = {isa = PBXBuildFile; fileRef = 6B55F4DD28A95256002BCE81 /* WebView.swift */; };
/* End PBXBuildFile section */

/* Begin PBXContainerItemProxy section */
		6B55F4A028A7D407002BCE81 /* PBXContainerItemProxy */ = {
			isa = PBXContainerItemProxy;
			containerPortal = 6B55F48728A7D405002BCE81 /* Project object */;
			proxyType = 1;
			remoteGlobalIDString = 6B55F48E28A7D405002BCE81;
			remoteInfo = BonprixApp;
		};
		6B55F4AA28A7D407002BCE81 /* PBXContainerItemProxy */ = {
			isa = PBXContainerItemProxy;
			containerPortal = 6B55F48728A7D405002BCE81 /* Project object */;
			proxyType = 1;
			remoteGlobalIDString = 6B55F48E28A7D405002BCE81;
			remoteInfo = BonprixApp;
		};
/* End PBXContainerItemProxy section */

/* Begin PBXFileReference section */
		6B13FDB628A9A2AD007CFC6E /* ImageView.swift */ = {isa = PBXFileReference; lastKnownFileType = sourcecode.swift; path = ImageView.swift; sourceTree = "<group>"; };
		6B55F48F28A7D405002BCE81 /* BonprixApp.app */ = {isa = PBXFileReference; explicitFileType = wrapper.application; includeInIndex = 0; path = BonprixApp.app; sourceTree = BUILT_PRODUCTS_DIR; };
		6B55F49228A7D405002BCE81 /* BonprixAppApp.swift */ = {isa = PBXFileReference; lastKnownFileType = sourcecode.swift; path = BonprixAppApp.swift; sourceTree = "<group>"; };
		6B55F49428A7D405002BCE81 /* ContentView.swift */ = {isa = PBXFileReference; lastKnownFileType = sourcecode.swift; path = ContentView.swift; sourceTree = "<group>"; };
		6B55F49628A7D406002BCE81 /* Assets.xcassets */ = {isa = PBXFileReference; lastKnownFileType = folder.assetcatalog; path = Assets.xcassets; sourceTree = "<group>"; };
		6B55F49928A7D406002BCE81 /* Preview Assets.xcassets */ = {isa = PBXFileReference; lastKnownFileType = folder.assetcatalog; path = "Preview Assets.xcassets"; sourceTree = "<group>"; };
		6B55F49F28A7D407002BCE81 /* BonprixAppTests.xctest */ = {isa = PBXFileReference; explicitFileType = wrapper.cfbundle; includeInIndex = 0; path = BonprixAppTests.xctest; sourceTree = BUILT_PRODUCTS_DIR; };
		6B55F4A328A7D407002BCE81 /* BonprixAppTests.swift */ = {isa = PBXFileReference; lastKnownFileType = sourcecode.swift; path = BonprixAppTests.swift; sourceTree = "<group>"; };
		6B55F4A928A7D407002BCE81 /* BonprixAppUITests.xctest */ = {isa = PBXFileReference; explicitFileType = wrapper.cfbundle; includeInIndex = 0; path = BonprixAppUITests.xctest; sourceTree = BUILT_PRODUCTS_DIR; };
		6B55F4AD28A7D407002BCE81 /* BonprixAppUITests.swift */ = {isa = PBXFileReference; lastKnownFileType = sourcecode.swift; path = BonprixAppUITests.swift; sourceTree = "<group>"; };
		6B55F4AF28A7D407002BCE81 /* BonprixAppUITestsLaunchTests.swift */ = {isa = PBXFileReference; lastKnownFileType = sourcecode.swift; path = BonprixAppUITestsLaunchTests.swift; sourceTree = "<group>"; };
		6B55F4C228A7D727002BCE81 /* ContenViewModel.swift */ = {isa = PBXFileReference; lastKnownFileType = sourcecode.swift; path = ContenViewModel.swift; sourceTree = "<group>"; };
		6B55F4C428A7D7A6002BCE81 /* APIHandler.swift */ = {isa = PBXFileReference; lastKnownFileType = sourcecode.swift; path = APIHandler.swift; sourceTree = "<group>"; };
		6B55F4C628A7DE85002BCE81 /* APIRequest.swift */ = {isa = PBXFileReference; lastKnownFileType = sourcecode.swift; path = APIRequest.swift; sourceTree = "<group>"; };
		6B55F4C828A7DF2F002BCE81 /* WelcomeModel.swift */ = {isa = PBXFileReference; lastKnownFileType = sourcecode.swift; path = WelcomeModel.swift; sourceTree = "<group>"; };
		6B55F4CA28A7EBC5002BCE81 /* LeafView.swift */ = {isa = PBXFileReference; lastKnownFileType = sourcecode.swift; path = LeafView.swift; sourceTree = "<group>"; };
		6B55F4D028A7F02E002BCE81 /* WebViewModel.swift */ = {isa = PBXFileReference; lastKnownFileType = sourcecode.swift; path = WebViewModel.swift; sourceTree = "<group>"; };
		6B55F4D628A92558002BCE81 /* CategoryView.swift */ = {isa = PBXFileReference; lastKnownFileType = sourcecode.swift; path = CategoryView.swift; sourceTree = "<group>"; };
		6B55F4DB28A93FA9002BCE81 /* LoadingView.swift */ = {isa = PBXFileReference; lastKnownFileType = sourcecode.swift; path = LoadingView.swift; sourceTree = "<group>"; };
		6B55F4DD28A95256002BCE81 /* WebView.swift */ = {isa = PBXFileReference; lastKnownFileType = sourcecode.swift; path = WebView.swift; sourceTree = "<group>"; };
/* End PBXFileReference section */

/* Begin PBXFrameworksBuildPhase section */
		6B55F48C28A7D405002BCE81 /* Frameworks */ = {
			isa = PBXFrameworksBuildPhase;
			buildActionMask = 2147483647;
			files = (
			);
			runOnlyForDeploymentPostprocessing = 0;
		};
		6B55F49C28A7D407002BCE81 /* Frameworks */ = {
			isa = PBXFrameworksBuildPhase;
			buildActionMask = 2147483647;
			files = (
			);
			runOnlyForDeploymentPostprocessing = 0;
		};
		6B55F4A628A7D407002BCE81 /* Frameworks */ = {
			isa = PBXFrameworksBuildPhase;
			buildActionMask = 2147483647;
			files = (
			);
			runOnlyForDeploymentPostprocessing = 0;
		};
/* End PBXFrameworksBuildPhase section */

/* Begin PBXGroup section */
		6B55F48628A7D405002BCE81 = {
			isa = PBXGroup;
			children = (
				6B55F49128A7D405002BCE81 /* BonprixApp */,
				6B55F4A228A7D407002BCE81 /* BonprixAppTests */,
				6B55F4AC28A7D407002BCE81 /* BonprixAppUITests */,
				6B55F49028A7D405002BCE81 /* Products */,
			);
			sourceTree = "<group>";
		};
		6B55F49028A7D405002BCE81 /* Products */ = {
			isa = PBXGroup;
			children = (
				6B55F48F28A7D405002BCE81 /* BonprixApp.app */,
				6B55F49F28A7D407002BCE81 /* BonprixAppTests.xctest */,
				6B55F4A928A7D407002BCE81 /* BonprixAppUITests.xctest */,
			);
			name = Products;
			sourceTree = "<group>";
		};
		6B55F49128A7D405002BCE81 /* BonprixApp */ = {
			isa = PBXGroup;
			children = (
				6B55F4C128A7D6F3002BCE81 /* Service */,
				6B55F4C028A7D6E3002BCE81 /* Model */,
				6B55F4BF28A7D6DE002BCE81 /* ViewModel */,
				6B55F4BD28A7D6CE002BCE81 /* View */,
				6B55F49228A7D405002BCE81 /* BonprixAppApp.swift */,
				6B55F49628A7D406002BCE81 /* Assets.xcassets */,
				6B55F49828A7D406002BCE81 /* Preview Content */,
			);
			path = BonprixApp;
			sourceTree = "<group>";
		};
		6B55F49828A7D406002BCE81 /* Preview Content */ = {
			isa = PBXGroup;
			children = (
				6B55F49928A7D406002BCE81 /* Preview Assets.xcassets */,
			);
			path = "Preview Content";
			sourceTree = "<group>";
		};
		6B55F4A228A7D407002BCE81 /* BonprixAppTests */ = {
			isa = PBXGroup;
			children = (
				6B55F4A328A7D407002BCE81 /* BonprixAppTests.swift */,
			);
			path = BonprixAppTests;
			sourceTree = "<group>";
		};
		6B55F4AC28A7D407002BCE81 /* BonprixAppUITests */ = {
			isa = PBXGroup;
			children = (
				6B55F4AD28A7D407002BCE81 /* BonprixAppUITests.swift */,
				6B55F4AF28A7D407002BCE81 /* BonprixAppUITestsLaunchTests.swift */,
			);
			path = BonprixAppUITests;
			sourceTree = "<group>";
		};
		6B55F4BD28A7D6CE002BCE81 /* View */ = {
			isa = PBXGroup;
			children = (
				6B55F4D828A93F79002BCE81 /* HelperView */,
				6B55F49428A7D405002BCE81 /* ContentView.swift */,
				6B55F4CA28A7EBC5002BCE81 /* LeafView.swift */,
				6B55F4D628A92558002BCE81 /* CategoryView.swift */,
			);
			path = View;
			sourceTree = "<group>";
		};
		6B55F4BF28A7D6DE002BCE81 /* ViewModel */ = {
			isa = PBXGroup;
			children = (
				6B55F4C228A7D727002BCE81 /* ContenViewModel.swift */,
				6B55F4D028A7F02E002BCE81 /* WebViewModel.swift */,
			);
			path = ViewModel;
			sourceTree = "<group>";
		};
		6B55F4C028A7D6E3002BCE81 /* Model */ = {
			isa = PBXGroup;
			children = (
				6B55F4C828A7DF2F002BCE81 /* WelcomeModel.swift */,
			);
			path = Model;
			sourceTree = "<group>";
		};
		6B55F4C128A7D6F3002BCE81 /* Service */ = {
			isa = PBXGroup;
			children = (
				6B55F4C428A7D7A6002BCE81 /* APIHandler.swift */,
				6B55F4C628A7DE85002BCE81 /* APIRequest.swift */,
			);
			path = Service;
			sourceTree = "<group>";
		};
		6B55F4D828A93F79002BCE81 /* HelperView */ = {
			isa = PBXGroup;
			children = (
				6B55F4DB28A93FA9002BCE81 /* LoadingView.swift */,
				6B55F4DD28A95256002BCE81 /* WebView.swift */,
				6B13FDB628A9A2AD007CFC6E /* ImageView.swift */,
			);
			path = HelperView;
			sourceTree = "<group>";
		};
/* End PBXGroup section */

/* Begin PBXNativeTarget section */
		6B55F48E28A7D405002BCE81 /* BonprixApp */ = {
			isa = PBXNativeTarget;
			buildConfigurationList = 6B55F4B328A7D407002BCE81 /* Build configuration list for PBXNativeTarget "BonprixApp" */;
			buildPhases = (
				6B55F48B28A7D405002BCE81 /* Sources */,
				6B55F48C28A7D405002BCE81 /* Frameworks */,
				6B55F48D28A7D405002BCE81 /* Resources */,
			);
			buildRules = (
			);
			dependencies = (
			);
			name = BonprixApp;
			productName = BonprixApp;
			productReference = 6B55F48F28A7D405002BCE81 /* BonprixApp.app */;
			productType = "com.apple.product-type.application";
		};
		6B55F49E28A7D407002BCE81 /* BonprixAppTests */ = {
			isa = PBXNativeTarget;
			buildConfigurationList = 6B55F4B628A7D407002BCE81 /* Build configuration list for PBXNativeTarget "BonprixAppTests" */;
			buildPhases = (
				6B55F49B28A7D407002BCE81 /* Sources */,
				6B55F49C28A7D407002BCE81 /* Frameworks */,
				6B55F49D28A7D407002BCE81 /* Resources */,
			);
			buildRules = (
			);
			dependencies = (
				6B55F4A128A7D407002BCE81 /* PBXTargetDependency */,
			);
			name = BonprixAppTests;
			productName = BonprixAppTests;
			productReference = 6B55F49F28A7D407002BCE81 /* BonprixAppTests.xctest */;
			productType = "com.apple.product-type.bundle.unit-test";
		};
		6B55F4A828A7D407002BCE81 /* BonprixAppUITests */ = {
			isa = PBXNativeTarget;
			buildConfigurationList = 6B55F4B928A7D407002BCE81 /* Build configuration list for PBXNativeTarget "BonprixAppUITests" */;
			buildPhases = (
				6B55F4A528A7D407002BCE81 /* Sources */,
				6B55F4A628A7D407002BCE81 /* Frameworks */,
				6B55F4A728A7D407002BCE81 /* Resources */,
			);
			buildRules = (
			);
			dependencies = (
				6B55F4AB28A7D407002BCE81 /* PBXTargetDependency */,
			);
			name = BonprixAppUITests;
			productName = BonprixAppUITests;
			productReference = 6B55F4A928A7D407002BCE81 /* BonprixAppUITests.xctest */;
			productType = "com.apple.product-type.bundle.ui-testing";
		};
/* End PBXNativeTarget section */

/* Begin PBXProject section */
		6B55F48728A7D405002BCE81 /* Project object */ = {
			isa = PBXProject;
			attributes = {
				BuildIndependentTargetsInParallel = 1;
				LastSwiftUpdateCheck = 1340;
				LastUpgradeCheck = 1340;
				TargetAttributes = {
					6B55F48E28A7D405002BCE81 = {
						CreatedOnToolsVersion = 13.4.1;
					};
					6B55F49E28A7D407002BCE81 = {
						CreatedOnToolsVersion = 13.4.1;
						TestTargetID = 6B55F48E28A7D405002BCE81;
					};
					6B55F4A828A7D407002BCE81 = {
						CreatedOnToolsVersion = 13.4.1;
						TestTargetID = 6B55F48E28A7D405002BCE81;
					};
				};
			};
			buildConfigurationList = 6B55F48A28A7D405002BCE81 /* Build configuration list for PBXProject "BonprixApp" */;
			compatibilityVersion = "Xcode 13.0";
			developmentRegion = en;
			hasScannedForEncodings = 0;
			knownRegions = (
				en,
				Base,
			);
			mainGroup = 6B55F48628A7D405002BCE81;
			productRefGroup = 6B55F49028A7D405002BCE81 /* Products */;
			projectDirPath = "";
			projectRoot = "";
			targets = (
				6B55F48E28A7D405002BCE81 /* BonprixApp */,
				6B55F49E28A7D407002BCE81 /* BonprixAppTests */,
				6B55F4A828A7D407002BCE81 /* BonprixAppUITests */,
			);
		};
/* End PBXProject section */

/* Begin PBXResourcesBuildPhase section */
		6B55F48D28A7D405002BCE81 /* Resources */ = {
			isa = PBXResourcesBuildPhase;
			buildActionMask = 2147483647;
			files = (
				6B55F49A28A7D406002BCE81 /* Preview Assets.xcassets in Resources */,
				6B55F49728A7D406002BCE81 /* Assets.xcassets in Resources */,
			);
			runOnlyForDeploymentPostprocessing = 0;
		};
		6B55F49D28A7D407002BCE81 /* Resources */ = {
			isa = PBXResourcesBuildPhase;
			buildActionMask = 2147483647;
			files = (
			);
			runOnlyForDeploymentPostprocessing = 0;
		};
		6B55F4A728A7D407002BCE81 /* Resources */ = {
			isa = PBXResourcesBuildPhase;
			buildActionMask = 2147483647;
			files = (
			);
			runOnlyForDeploymentPostprocessing = 0;
		};
/* End PBXResourcesBuildPhase section */

/* Begin PBXSourcesBuildPhase section */
		6B55F48B28A7D405002BCE81 /* Sources */ = {
			isa = PBXSourcesBuildPhase;
			buildActionMask = 2147483647;
			files = (
				6B13FDB728A9A2AD007CFC6E /* ImageView.swift in Sources */,
				6B55F4C328A7D727002BCE81 /* ContenViewModel.swift in Sources */,
				6B55F49528A7D405002BCE81 /* ContentView.swift in Sources */,
				6B55F4CB28A7EBC5002BCE81 /* LeafView.swift in Sources */,
				6B55F4D128A7F02E002BCE81 /* WebViewModel.swift in Sources */,
				6B55F49328A7D405002BCE81 /* BonprixAppApp.swift in Sources */,
				6B55F4C928A7DF2F002BCE81 /* WelcomeModel.swift in Sources */,
				6B55F4C728A7DE85002BCE81 /* APIRequest.swift in Sources */,
				6B55F4D728A92558002BCE81 /* CategoryView.swift in Sources */,
				6B55F4DC28A93FA9002BCE81 /* LoadingView.swift in Sources */,
				6B55F4C528A7D7A6002BCE81 /* APIHandler.swift in Sources */,
				6B55F4DE28A95256002BCE81 /* WebView.swift in Sources */,
			);
			runOnlyForDeploymentPostprocessing = 0;
		};
		6B55F49B28A7D407002BCE81 /* Sources */ = {
			isa = PBXSourcesBuildPhase;
			buildActionMask = 2147483647;
			files = (
				6B55F4A428A7D407002BCE81 /* BonprixAppTests.swift in Sources */,
			);
			runOnlyForDeploymentPostprocessing = 0;
		};
		6B55F4A528A7D407002BCE81 /* Sources */ = {
			isa = PBXSourcesBuildPhase;
			buildActionMask = 2147483647;
			files = (
				6B55F4AE28A7D407002BCE81 /* BonprixAppUITests.swift in Sources */,
				6B55F4B028A7D407002BCE81 /* BonprixAppUITestsLaunchTests.swift in Sources */,
			);
			runOnlyForDeploymentPostprocessing = 0;
		};
/* End PBXSourcesBuildPhase section */

/* Begin PBXTargetDependency section */
		6B55F4A128A7D407002BCE81 /* PBXTargetDependency */ = {
			isa = PBXTargetDependency;
			target = 6B55F48E28A7D405002BCE81 /* BonprixApp */;
			targetProxy = 6B55F4A028A7D407002BCE81 /* PBXContainerItemProxy */;
		};
		6B55F4AB28A7D407002BCE81 /* PBXTargetDependency */ = {
			isa = PBXTargetDependency;
			target = 6B55F48E28A7D405002BCE81 /* BonprixApp */;
			targetProxy = 6B55F4AA28A7D407002BCE81 /* PBXContainerItemProxy */;
		};
/* End PBXTargetDependency section */

/* Begin XCBuildConfiguration section */
		6B55F4B128A7D407002BCE81 /* Debug */ = {
			isa = XCBuildConfiguration;
			buildSettings = {
				ALWAYS_SEARCH_USER_PATHS = NO;
				CLANG_ANALYZER_NONNULL = YES;
				CLANG_ANALYZER_NUMBER_OBJECT_CONVERSION = YES_AGGRESSIVE;
				CLANG_CXX_LANGUAGE_STANDARD = "gnu++17";
				CLANG_ENABLE_MODULES = YES;
				CLANG_ENABLE_OBJC_ARC = YES;
				CLANG_ENABLE_OBJC_WEAK = YES;
				CLANG_WARN_BLOCK_CAPTURE_AUTORELEASING = YES;
				CLANG_WARN_BOOL_CONVERSION = YES;
				CLANG_WARN_COMMA = YES;
				CLANG_WARN_CONSTANT_CONVERSION = YES;
				CLANG_WARN_DEPRECATED_OBJC_IMPLEMENTATIONS = YES;
				CLANG_WARN_DIRECT_OBJC_ISA_USAGE = YES_ERROR;
				CLANG_WARN_DOCUMENTATION_COMMENTS = YES;
				CLANG_WARN_EMPTY_BODY = YES;
				CLANG_WARN_ENUM_CONVERSION = YES;
				CLANG_WARN_INFINITE_RECURSION = YES;
				CLANG_WARN_INT_CONVERSION = YES;
				CLANG_WARN_NON_LITERAL_NULL_CONVERSION = YES;
				CLANG_WARN_OBJC_IMPLICIT_RETAIN_SELF = YES;
				CLANG_WARN_OBJC_LITERAL_CONVERSION = YES;
				CLANG_WARN_OBJC_ROOT_CLASS = YES_ERROR;
				CLANG_WARN_QUOTED_INCLUDE_IN_FRAMEWORK_HEADER = YES;
				CLANG_WARN_RANGE_LOOP_ANALYSIS = YES;
				CLANG_WARN_STRICT_PROTOTYPES = YES;
				CLANG_WARN_SUSPICIOUS_MOVE = YES;
				CLANG_WARN_UNGUARDED_AVAILABILITY = YES_AGGRESSIVE;
				CLANG_WARN_UNREACHABLE_CODE = YES;
				CLANG_WARN__DUPLICATE_METHOD_MATCH = YES;
				COPY_PHASE_STRIP = NO;
				DEBUG_INFORMATION_FORMAT = dwarf;
				ENABLE_STRICT_OBJC_MSGSEND = YES;
				ENABLE_TESTABILITY = YES;
				GCC_C_LANGUAGE_STANDARD = gnu11;
				GCC_DYNAMIC_NO_PIC = NO;
				GCC_NO_COMMON_BLOCKS = YES;
				GCC_OPTIMIZATION_LEVEL = 0;
				GCC_PREPROCESSOR_DEFINITIONS = (
					"DEBUG=1",
					"$(inherited)",
				);
				GCC_WARN_64_TO_32_BIT_CONVERSION = YES;
				GCC_WARN_ABOUT_RETURN_TYPE = YES_ERROR;
				GCC_WARN_UNDECLARED_SELECTOR = YES;
				GCC_WARN_UNINITIALIZED_AUTOS = YES_AGGRESSIVE;
				GCC_WARN_UNUSED_FUNCTION = YES;
				GCC_WARN_UNUSED_VARIABLE = YES;
				IPHONEOS_DEPLOYMENT_TARGET = 15.5;
				MTL_ENABLE_DEBUG_INFO = INCLUDE_SOURCE;
				MTL_FAST_MATH = YES;
				ONLY_ACTIVE_ARCH = YES;
				SDKROOT = iphoneos;
				SWIFT_ACTIVE_COMPILATION_CONDITIONS = DEBUG;
				SWIFT_OPTIMIZATION_LEVEL = "-Onone";
			};
			name = Debug;
		};
		6B55F4B228A7D407002BCE81 /* Release */ = {
			isa = XCBuildConfiguration;
			buildSettings = {
				ALWAYS_SEARCH_USER_PATHS = NO;
				CLANG_ANALYZER_NONNULL = YES;
				CLANG_ANALYZER_NUMBER_OBJECT_CONVERSION = YES_AGGRESSIVE;
				CLANG_CXX_LANGUAGE_STANDARD = "gnu++17";
				CLANG_ENABLE_MODULES = YES;
				CLANG_ENABLE_OBJC_ARC = YES;
				CLANG_ENABLE_OBJC_WEAK = YES;
				CLANG_WARN_BLOCK_CAPTURE_AUTORELEASING = YES;
				CLANG_WARN_BOOL_CONVERSION = YES;
				CLANG_WARN_COMMA = YES;
				CLANG_WARN_CONSTANT_CONVERSION = YES;
				CLANG_WARN_DEPRECATED_OBJC_IMPLEMENTATIONS = YES;
				CLANG_WARN_DIRECT_OBJC_ISA_USAGE = YES_ERROR;
				CLANG_WARN_DOCUMENTATION_COMMENTS = YES;
				CLANG_WARN_EMPTY_BODY = YES;
				CLANG_WARN_ENUM_CONVERSION = YES;
				CLANG_WARN_INFINITE_RECURSION = YES;
				CLANG_WARN_INT_CONVERSION = YES;
				CLANG_WARN_NON_LITERAL_NULL_CONVERSION = YES;
				CLANG_WARN_OBJC_IMPLICIT_RETAIN_SELF = YES;
				CLANG_WARN_OBJC_LITERAL_CONVERSION = YES;
				CLANG_WARN_OBJC_ROOT_CLASS = YES_ERROR;
				CLANG_WARN_QUOTED_INCLUDE_IN_FRAMEWORK_HEADER = YES;
				CLANG_WARN_RANGE_LOOP_ANALYSIS = YES;
				CLANG_WARN_STRICT_PROTOTYPES = YES;
				CLANG_WARN_SUSPICIOUS_MOVE = YES;
				CLANG_WARN_UNGUARDED_AVAILABILITY = YES_AGGRESSIVE;
				CLANG_WARN_UNREACHABLE_CODE = YES;
				CLANG_WARN__DUPLICATE_METHOD_MATCH = YES;
				COPY_PHASE_STRIP = NO;
				DEBUG_INFORMATION_FORMAT = "dwarf-with-dsym";
				ENABLE_NS_ASSERTIONS = NO;
				ENABLE_STRICT_OBJC_MSGSEND = YES;
				GCC_C_LANGUAGE_STANDARD = gnu11;
				GCC_NO_COMMON_BLOCKS = YES;
				GCC_WARN_64_TO_32_BIT_CONVERSION = YES;
				GCC_WARN_ABOUT_RETURN_TYPE = YES_ERROR;
				GCC_WARN_UNDECLARED_SELECTOR = YES;
				GCC_WARN_UNINITIALIZED_AUTOS = YES_AGGRESSIVE;
				GCC_WARN_UNUSED_FUNCTION = YES;
				GCC_WARN_UNUSED_VARIABLE = YES;
				IPHONEOS_DEPLOYMENT_TARGET = 15.5;
				MTL_ENABLE_DEBUG_INFO = NO;
				MTL_FAST_MATH = YES;
				SDKROOT = iphoneos;
				SWIFT_COMPILATION_MODE = wholemodule;
				SWIFT_OPTIMIZATION_LEVEL = "-O";
				VALIDATE_PRODUCT = YES;
			};
			name = Release;
		};
		6B55F4B428A7D407002BCE81 /* Debug */ = {
			isa = XCBuildConfiguration;
			buildSettings = {
				ASSETCATALOG_COMPILER_APPICON_NAME = AppIcon;
				ASSETCATALOG_COMPILER_GLOBAL_ACCENT_COLOR_NAME = AccentColor;
				CODE_SIGN_STYLE = Automatic;
				CURRENT_PROJECT_VERSION = 1;
				DEVELOPMENT_ASSET_PATHS = "\"BonprixApp/Preview Content\"";
				DEVELOPMENT_TEAM = ZCPG2Z69ZT;
				ENABLE_PREVIEWS = YES;
				GENERATE_INFOPLIST_FILE = YES;
				INFOPLIST_KEY_UIApplicationSceneManifest_Generation = YES;
				INFOPLIST_KEY_UIApplicationSupportsIndirectInputEvents = YES;
				INFOPLIST_KEY_UILaunchScreen_Generation = YES;
				INFOPLIST_KEY_UISupportedInterfaceOrientations_iPad = "UIInterfaceOrientationPortrait UIInterfaceOrientationPortraitUpsideDown UIInterfaceOrientationLandscapeLeft UIInterfaceOrientationLandscapeRight";
				INFOPLIST_KEY_UISupportedInterfaceOrientations_iPhone = "UIInterfaceOrientationPortrait UIInterfaceOrientationLandscapeLeft UIInterfaceOrientationLandscapeRight";
				IPHONEOS_DEPLOYMENT_TARGET = 15.0;
				LD_RUNPATH_SEARCH_PATHS = (
					"$(inherited)",
					"@executable_path/Frameworks",
				);
				MARKETING_VERSION = 1.0;
				PRODUCT_BUNDLE_IDENTIFIER = com.anzer.bonprix.BonprixApp;
				PRODUCT_NAME = "$(TARGET_NAME)";
				SWIFT_EMIT_LOC_STRINGS = YES;
				SWIFT_VERSION = 5.0;
				TARGETED_DEVICE_FAMILY = "1,2";
			};
			name = Debug;
		};
		6B55F4B528A7D407002BCE81 /* Release */ = {
			isa = XCBuildConfiguration;
			buildSettings = {
				ASSETCATALOG_COMPILER_APPICON_NAME = AppIcon;
				ASSETCATALOG_COMPILER_GLOBAL_ACCENT_COLOR_NAME = AccentColor;
				CODE_SIGN_STYLE = Automatic;
				CURRENT_PROJECT_VERSION = 1;
				DEVELOPMENT_ASSET_PATHS = "\"BonprixApp/Preview Content\"";
				DEVELOPMENT_TEAM = ZCPG2Z69ZT;
				ENABLE_PREVIEWS = YES;
				GENERATE_INFOPLIST_FILE = YES;
				INFOPLIST_KEY_UIApplicationSceneManifest_Generation = YES;
				INFOPLIST_KEY_UIApplicationSupportsIndirectInputEvents = YES;
				INFOPLIST_KEY_UILaunchScreen_Generation = YES;
				INFOPLIST_KEY_UISupportedInterfaceOrientations_iPad = "UIInterfaceOrientationPortrait UIInterfaceOrientationPortraitUpsideDown UIInterfaceOrientationLandscapeLeft UIInterfaceOrientationLandscapeRight";
				INFOPLIST_KEY_UISupportedInterfaceOrientations_iPhone = "UIInterfaceOrientationPortrait UIInterfaceOrientationLandscapeLeft UIInterfaceOrientationLandscapeRight";
				IPHONEOS_DEPLOYMENT_TARGET = 15.0;
				LD_RUNPATH_SEARCH_PATHS = (
					"$(inherited)",
					"@executable_path/Frameworks",
				);
				MARKETING_VERSION = 1.0;
				PRODUCT_BUNDLE_IDENTIFIER = com.anzer.bonprix.BonprixApp;
				PRODUCT_NAME = "$(TARGET_NAME)";
				SWIFT_EMIT_LOC_STRINGS = YES;
				SWIFT_VERSION = 5.0;
				TARGETED_DEVICE_FAMILY = "1,2";
			};
			name = Release;
		};
		6B55F4B728A7D407002BCE81 /* Debug */ = {
			isa = XCBuildConfiguration;
			buildSettings = {
				ALWAYS_EMBED_SWIFT_STANDARD_LIBRARIES = YES;
				BUNDLE_LOADER = "$(TEST_HOST)";
				CODE_SIGN_STYLE = Automatic;
				CURRENT_PROJECT_VERSION = 1;
				DEVELOPMENT_TEAM = ZCPG2Z69ZT;
				GENERATE_INFOPLIST_FILE = YES;
				IPHONEOS_DEPLOYMENT_TARGET = 15.5;
				MARKETING_VERSION = 1.0;
				PRODUCT_BUNDLE_IDENTIFIER = com.anzer.bonprix.BonprixAppTests;
				PRODUCT_NAME = "$(TARGET_NAME)";
				SWIFT_EMIT_LOC_STRINGS = NO;
				SWIFT_VERSION = 5.0;
				TARGETED_DEVICE_FAMILY = "1,2";
				TEST_HOST = "$(BUILT_PRODUCTS_DIR)/BonprixApp.app/BonprixApp";
			};
			name = Debug;
		};
		6B55F4B828A7D407002BCE81 /* Release */ = {
			isa = XCBuildConfiguration;
			buildSettings = {
				ALWAYS_EMBED_SWIFT_STANDARD_LIBRARIES = YES;
				BUNDLE_LOADER = "$(TEST_HOST)";
				CODE_SIGN_STYLE = Automatic;
				CURRENT_PROJECT_VERSION = 1;
				DEVELOPMENT_TEAM = ZCPG2Z69ZT;
				GENERATE_INFOPLIST_FILE = YES;
				IPHONEOS_DEPLOYMENT_TARGET = 15.5;
				MARKETING_VERSION = 1.0;
				PRODUCT_BUNDLE_IDENTIFIER = com.anzer.bonprix.BonprixAppTests;
				PRODUCT_NAME = "$(TARGET_NAME)";
				SWIFT_EMIT_LOC_STRINGS = NO;
				SWIFT_VERSION = 5.0;
				TARGETED_DEVICE_FAMILY = "1,2";
				TEST_HOST = "$(BUILT_PRODUCTS_DIR)/BonprixApp.app/BonprixApp";
			};
			name = Release;
		};
		6B55F4BA28A7D407002BCE81 /* Debug */ = {
			isa = XCBuildConfiguration;
			buildSettings = {
				ALWAYS_EMBED_SWIFT_STANDARD_LIBRARIES = YES;
				CODE_SIGN_STYLE = Automatic;
				CURRENT_PROJECT_VERSION = 1;
				DEVELOPMENT_TEAM = ZCPG2Z69ZT;
				GENERATE_INFOPLIST_FILE = YES;
				MARKETING_VERSION = 1.0;
				PRODUCT_BUNDLE_IDENTIFIER = com.anzer.bonprix.BonprixAppUITests;
				PRODUCT_NAME = "$(TARGET_NAME)";
				SWIFT_EMIT_LOC_STRINGS = NO;
				SWIFT_VERSION = 5.0;
				TARGETED_DEVICE_FAMILY = "1,2";
				TEST_TARGET_NAME = BonprixApp;
			};
			name = Debug;
		};
		6B55F4BB28A7D407002BCE81 /* Release */ = {
			isa = XCBuildConfiguration;
			buildSettings = {
				ALWAYS_EMBED_SWIFT_STANDARD_LIBRARIES = YES;
				CODE_SIGN_STYLE = Automatic;
				CURRENT_PROJECT_VERSION = 1;
				DEVELOPMENT_TEAM = ZCPG2Z69ZT;
				GENERATE_INFOPLIST_FILE = YES;
				MARKETING_VERSION = 1.0;
				PRODUCT_BUNDLE_IDENTIFIER = com.anzer.bonprix.BonprixAppUITests;
				PRODUCT_NAME = "$(TARGET_NAME)";
				SWIFT_EMIT_LOC_STRINGS = NO;
				SWIFT_VERSION = 5.0;
				TARGETED_DEVICE_FAMILY = "1,2";
				TEST_TARGET_NAME = BonprixApp;
			};
			name = Release;
		};
/* End XCBuildConfiguration section */

/* Begin XCConfigurationList section */
		6B55F48A28A7D405002BCE81 /* Build configuration list for PBXProject "BonprixApp" */ = {
			isa = XCConfigurationList;
			buildConfigurations = (
				6B55F4B128A7D407002BCE81 /* Debug */,
				6B55F4B228A7D407002BCE81 /* Release */,
			);
			defaultConfigurationIsVisible = 0;
			defaultConfigurationName = Release;
		};
		6B55F4B328A7D407002BCE81 /* Build configuration list for PBXNativeTarget "BonprixApp" */ = {
			isa = XCConfigurationList;
			buildConfigurations = (
				6B55F4B428A7D407002BCE81 /* Debug */,
				6B55F4B528A7D407002BCE81 /* Release */,
			);
			defaultConfigurationIsVisible = 0;
			defaultConfigurationName = Release;
		};
		6B55F4B628A7D407002BCE81 /* Build configuration list for PBXNativeTarget "BonprixAppTests" */ = {
			isa = XCConfigurationList;
			buildConfigurations = (
				6B55F4B728A7D407002BCE81 /* Debug */,
				6B55F4B828A7D407002BCE81 /* Release */,
			);
			defaultConfigurationIsVisible = 0;
			defaultConfigurationName = Release;
		};
		6B55F4B928A7D407002BCE81 /* Build configuration list for PBXNativeTarget "BonprixAppUITests" */ = {
			isa = XCConfigurationList;
			buildConfigurations = (
				6B55F4BA28A7D407002BCE81 /* Debug */,
				6B55F4BB28A7D407002BCE81 /* Release */,
			);
			defaultConfigurationIsVisible = 0;
			defaultConfigurationName = Release;
		};
/* End XCConfigurationList section */
	};
	rootObject = 6B55F48728A7D405002BCE81 /* Project object */;
}
